
Microsoft Visual Studio Solution File, Format Version 12.00
# Visual Studio Version 17
VisualStudioVersion = 17.14.36310.24 d17.14
MinimumVisualStudioVersion = 10.0.40219.1
Project("{FAE04EC0-301F-11D3-BF4B-00C04F79EFBC}") = "Aula 3 - Operadores", "Aula 3 - Operadores.csproj", "{AFA4D7A0-AFAF-4F9E-BA83-FAD9D2D7D221}"
EndProject
Global
	GlobalSection(SolutionConfigurationPlatforms) = preSolution
		Debug|Any CPU = Debug|Any CPU
		Release|Any CPU = Release|Any CPU
	EndGlobalSection
	GlobalSection(ProjectConfigurationPlatforms) = postSolution
		{AFA4D7A0-AFAF-4F9E-BA83-FAD9D2D7D221}.Debug|Any CPU.ActiveCfg = Debug|Any CPU
		{AFA4D7A0-AFAF-4F9E-BA83-FAD9D2D7D221}.Debug|Any CPU.Build.0 = Debug|Any CPU
		{AFA4D7A0-AFAF-4F9E-BA83-FAD9D2D7D221}.Release|Any CPU.ActiveCfg = Release|Any CPU
		{AFA4D7A0-AFAF-4F9E-BA83-FAD9D2D7D221}.Release|Any CPU.Build.0 = Release|Any CPU
	EndGlobalSection
	GlobalSection(SolutionProperties) = preSolution
		HideSolutionNode = FALSE
	EndGlobalSection
	GlobalSection(ExtensibilityGlobals) = postSolution
		SolutionGuid = {B2DD918C-3148-4C64-8BFE-5001D23B7169}
	EndGlobalSection
EndGlobal
